
Microsoft Visual Studio Solution File, Format Version 12.00
# Visual Studio Version 18
VisualStudioVersion = 18.3.11527.330
MinimumVisualStudioVersion = 10.0.40219.1
Project("{2150E333-8FDC-42A3-9474-1A3956D46DE8}") = "AuthService", "AuthService", "{36D591C7-65C7-A0D1-1CBC-10CDE441BDC8}"
EndProject
Project("{2150E333-8FDC-42A3-9474-1A3956D46DE8}") = "src", "src", "{905EB272-1BFA-4A00-B1EE-F4C500653EDF}"
EndProject
Project("{FAE04EC0-301F-11D3-BF4B-00C04F79EFBC}") = "AuthService.Api", "src\AuthService\AuthService.Api\AuthService.Api.csproj", "{876D7833-09C1-4C53-ADC5-DF9E58F40091}"
EndProject
Project("{FAE04EC0-301F-11D3-BF4B-00C04F79EFBC}") = "AuthService.Application", "src\AuthService\AuthService.Application\AuthService.Application.csproj", "{80C2BE5A-6CF9-46B9-ACE3-27624C25A83F}"
EndProject
Project("{FAE04EC0-301F-11D3-BF4B-00C04F79EFBC}") = "AuthService.Domain", "src\AuthService\AuthService.Domain\AuthService.Domain.csproj", "{F0742B59-989B-4CF1-8A37-2B0AC8FBB9BC}"
EndProject
Project("{FAE04EC0-301F-11D3-BF4B-00C04F79EFBC}") = "AuthService.Infrastructure", "src\AuthService\AuthService.Infrastructure\AuthService.Infrastructure.csproj", "{E3486467-4C73-403B-9583-81C96F5B1CB2}"
EndProject
Project("{2150E333-8FDC-42A3-9474-1A3956D46DE8}") = "ProfilesService", "ProfilesService", "{28CD0C26-569E-4E4E-9C54-55CBFD4631E9}"
EndProject
Project("{FAE04EC0-301F-11D3-BF4B-00C04F79EFBC}") = "Profiles.Domain", "src\ProfilesService\Profiles.Domain\Profiles.Domain.csproj", "{A8D3D1F8-A4B0-4D69-9AEE-D49512FC0EBA}"
EndProject
Project("{FAE04EC0-301F-11D3-BF4B-00C04F79EFBC}") = "Profiles.Application", "src\ProfilesService\Profiles.Application\Profiles.Application.csproj", "{7C4BB36A-54B5-440B-8222-E619CEA162DC}"
EndProject
Project("{FAE04EC0-301F-11D3-BF4B-00C04F79EFBC}") = "Profiles.Infrastructure", "src\ProfilesService\Profiles.Infrastructure\Profiles.Infrastructure.csproj", "{E5E00038-91BC-4C11-A0A1-E7E566727F49}"
EndProject
Project("{FAE04EC0-301F-11D3-BF4B-00C04F79EFBC}") = "Profiles.API", "src\ProfilesService\Profiles.API\Profiles.API.csproj", "{836E244F-A794-4A00-8A00-83718BCD4DBA}"
EndProject
Project("{2150E333-8FDC-42A3-9474-1A3956D46DE8}") = "common", "common", "{28C1D9F7-97F7-4C49-A2D5-E9FCAA05F1F0}"
EndProject
Project("{FAE04EC0-301F-11D3-BF4B-00C04F79EFBC}") = "MedicalSystem.Shared", "common\MedicalSystem.Shared\MedicalSystem.Shared.csproj", "{3E49FF54-F263-4871-944A-082F406A5A9D}"
EndProject
Project("{2150E333-8FDC-42A3-9474-1A3956D46DE8}") = "Элементы решения", "Элементы решения", "{059E5DB7-6E56-4311-A5F9-D4EC6191548D}"
	ProjectSection(SolutionItems) = preProject
		docker-compose.yml = docker-compose.yml
	EndProjectSection
EndProject
Project("{FAE04EC0-301F-11D3-BF4B-00C04F79EFBC}") = "MedicalSystem.Gateway", "MedicalSystem.Gateway\MedicalSystem.Gateway.csproj", "{37887F62-18D6-4702-AABE-FCC941AD9E8A}"
EndProject
Global
	GlobalSection(SolutionConfigurationPlatforms) = preSolution
		Debug|Any CPU = Debug|Any CPU
		Release|Any CPU = Release|Any CPU
	EndGlobalSection
	GlobalSection(ProjectConfigurationPlatforms) = postSolution
		{876D7833-09C1-4C53-ADC5-DF9E58F40091}.Debug|Any CPU.ActiveCfg = Debug|Any CPU
		{876D7833-09C1-4C53-ADC5-DF9E58F40091}.Debug|Any CPU.Build.0 = Debug|Any CPU
		{876D7833-09C1-4C53-ADC5-DF9E58F40091}.Release|Any CPU.ActiveCfg = Release|Any CPU
		{876D7833-09C1-4C53-ADC5-DF9E58F40091}.Release|Any CPU.Build.0 = Release|Any CPU
		{80C2BE5A-6CF9-46B9-ACE3-27624C25A83F}.Debug|Any CPU.ActiveCfg = Debug|Any CPU
		{80C2BE5A-6CF9-46B9-ACE3-27624C25A83F}.Debug|Any CPU.Build.0 = Debug|Any CPU
		{80C2BE5A-6CF9-46B9-ACE3-27624C25A83F}.Release|Any CPU.ActiveCfg = Release|Any CPU
		{80C2BE5A-6CF9-46B9-ACE3-27624C25A83F}.Release|Any CPU.Build.0 = Release|Any CPU
		{F0742B59-989B-4CF1-8A37-2B0AC8FBB9BC}.Debug|Any CPU.ActiveCfg = Debug|Any CPU
		{F0742B59-989B-4CF1-8A37-2B0AC8FBB9BC}.Debug|Any CPU.Build.0 = Debug|Any CPU
		{F0742B59-989B-4CF1-8A37-2B0AC8FBB9BC}.Release|Any CPU.ActiveCfg = Release|Any CPU
		{F0742B59-989B-4CF1-8A37-2B0AC8FBB9BC}.Release|Any CPU.Build.0 = Release|Any CPU
		{E3486467-4C73-403B-9583-81C96F5B1CB2}.Debug|Any CPU.ActiveCfg = Debug|Any CPU
		{E3486467-4C73-403B-9583-81C96F5B1CB2}.Debug|Any CPU.Build.0 = Debug|Any CPU
		{E3486467-4C73-403B-9583-81C96F5B1CB2}.Release|Any CPU.ActiveCfg = Release|Any CPU
		{E3486467-4C73-403B-9583-81C96F5B1CB2}.Release|Any CPU.Build.0 = Release|Any CPU
		{A8D3D1F8-A4B0-4D69-9AEE-D49512FC0EBA}.Debug|Any CPU.ActiveCfg = Debug|Any CPU
		{A8D3D1F8-A4B0-4D69-9AEE-D49512FC0EBA}.Debug|Any CPU.Build.0 = Debug|Any CPU
		{A8D3D1F8-A4B0-4D69-9AEE-D49512FC0EBA}.Release|Any CPU.ActiveCfg = Release|Any CPU
		{A8D3D1F8-A4B0-4D69-9AEE-D49512FC0EBA}.Release|Any CPU.Build.0 = Release|Any CPU
		{7C4BB36A-54B5-440B-8222-E619CEA162DC}.Debug|Any CPU.ActiveCfg = Debug|Any CPU
		{7C4BB36A-54B5-440B-8222-E619CEA162DC}.Debug|Any CPU.Build.0 = Debug|Any CPU
		{7C4BB36A-54B5-440B-8222-E619CEA162DC}.Release|Any CPU.ActiveCfg = Release|Any CPU
		{7C4BB36A-54B5-440B-8222-E619CEA162DC}.Release|Any CPU.Build.0 = Release|Any CPU
		{E5E00038-91BC-4C11-A0A1-E7E566727F49}.Debug|Any CPU.ActiveCfg = Debug|Any CPU
		{E5E00038-91BC-4C11-A0A1-E7E566727F49}.Debug|Any CPU.Build.0 = Debug|Any CPU
		{E5E00038-91BC-4C11-A0A1-E7E566727F49}.Release|Any CPU.ActiveCfg = Release|Any CPU
		{E5E00038-91BC-4C11-A0A1-E7E566727F49}.Release|Any CPU.Build.0 = Release|Any CPU
		{836E244F-A794-4A00-8A00-83718BCD4DBA}.Debug|Any CPU.ActiveCfg = Debug|Any CPU
		{836E244F-A794-4A00-8A00-83718BCD4DBA}.Debug|Any CPU.Build.0 = Debug|Any CPU
		{836E244F-A794-4A00-8A00-83718BCD4DBA}.Release|Any CPU.ActiveCfg = Release|Any CPU
		{836E244F-A794-4A00-8A00-83718BCD4DBA}.Release|Any CPU.Build.0 = Release|Any CPU
		{3E49FF54-F263-4871-944A-082F406A5A9D}.Debug|Any CPU.ActiveCfg = Debug|Any CPU
		{3E49FF54-F263-4871-944A-082F406A5A9D}.Debug|Any CPU.Build.0 = Debug|Any CPU
		{3E49FF54-F263-4871-944A-082F406A5A9D}.Release|Any CPU.ActiveCfg = Release|Any CPU
		{3E49FF54-F263-4871-944A-082F406A5A9D}.Release|Any CPU.Build.0 = Release|Any CPU
		{37887F62-18D6-4702-AABE-FCC941AD9E8A}.Debug|Any CPU.ActiveCfg = Debug|Any CPU
		{37887F62-18D6-4702-AABE-FCC941AD9E8A}.Debug|Any CPU.Build.0 = Debug|Any CPU
		{37887F62-18D6-4702-AABE-FCC941AD9E8A}.Release|Any CPU.ActiveCfg = Release|Any CPU
		{37887F62-18D6-4702-AABE-FCC941AD9E8A}.Release|Any CPU.Build.0 = Release|Any CPU
	EndGlobalSection
	GlobalSection(SolutionProperties) = preSolution
		HideSolutionNode = FALSE
	EndGlobalSection
	GlobalSection(NestedProjects) = preSolution
		{36D591C7-65C7-A0D1-1CBC-10CDE441BDC8} = {905EB272-1BFA-4A00-B1EE-F4C500653EDF}
		{876D7833-09C1-4C53-ADC5-DF9E58F40091} = {36D591C7-65C7-A0D1-1CBC-10CDE441BDC8}
		{80C2BE5A-6CF9-46B9-ACE3-27624C25A83F} = {36D591C7-65C7-A0D1-1CBC-10CDE441BDC8}
		{F0742B59-989B-4CF1-8A37-2B0AC8FBB9BC} = {36D591C7-65C7-A0D1-1CBC-10CDE441BDC8}
		{E3486467-4C73-403B-9583-81C96F5B1CB2} = {36D591C7-65C7-A0D1-1CBC-10CDE441BDC8}
		{28CD0C26-569E-4E4E-9C54-55CBFD4631E9} = {905EB272-1BFA-4A00-B1EE-F4C500653EDF}
		{A8D3D1F8-A4B0-4D69-9AEE-D49512FC0EBA} = {28CD0C26-569E-4E4E-9C54-55CBFD4631E9}
		{7C4BB36A-54B5-440B-8222-E619CEA162DC} = {28CD0C26-569E-4E4E-9C54-55CBFD4631E9}
		{E5E00038-91BC-4C11-A0A1-E7E566727F49} = {28CD0C26-569E-4E4E-9C54-55CBFD4631E9}
		{836E244F-A794-4A00-8A00-83718BCD4DBA} = {28CD0C26-569E-4E4E-9C54-55CBFD4631E9}
		{3E49FF54-F263-4871-944A-082F406A5A9D} = {28C1D9F7-97F7-4C49-A2D5-E9FCAA05F1F0}
		{37887F62-18D6-4702-AABE-FCC941AD9E8A} = {905EB272-1BFA-4A00-B1EE-F4C500653EDF}
	EndGlobalSection
	GlobalSection(ExtensibilityGlobals) = postSolution
		SolutionGuid = {728857B0-4E80-45D9-9BF8-684C9C2ABE63}
	EndGlobalSection
EndGlobal
